
Microsoft Visual Studio Solution File, Format Version 12.00
# Visual Studio Version 17
VisualStudioVersion = 17.14.36511.14 d17.14
MinimumVisualStudioVersion = 10.0.40219.1
Project("{FAE04EC0-301F-11D3-BF4B-00C04F79EFBC}") = "Airlines_Klimov", "Airlines_Klimov.csproj", "{3E757C68-8AF1-4F4B-9670-BDCB5F90B9C5}"
EndProject
Project("{FAE04EC0-301F-11D3-BF4B-00C04F79EFBC}") = "WorkingBD", "..\WorkingBD\WorkingBD.csproj", "{308199F3-2C5C-462A-A20C-AB6A05D619B3}"
EndProject
Global
	GlobalSection(SolutionConfigurationPlatforms) = preSolution
		Debug|Any CPU = Debug|Any CPU
		Release|Any CPU = Release|Any CPU
	EndGlobalSection
	GlobalSection(ProjectConfigurationPlatforms) = postSolution
		{3E757C68-8AF1-4F4B-9670-BDCB5F90B9C5}.Debug|Any CPU.ActiveCfg = Debug|Any CPU
		{3E757C68-8AF1-4F4B-9670-BDCB5F90B9C5}.Debug|Any CPU.Build.0 = Debug|Any CPU
		{3E757C68-8AF1-4F4B-9670-BDCB5F90B9C5}.Release|Any CPU.ActiveCfg = Release|Any CPU
		{3E757C68-8AF1-4F4B-9670-BDCB5F90B9C5}.Release|Any CPU.Build.0 = Release|Any CPU
		{308199F3-2C5C-462A-A20C-AB6A05D619B3}.Debug|Any CPU.ActiveCfg = Debug|Any CPU
		{308199F3-2C5C-462A-A20C-AB6A05D619B3}.Debug|Any CPU.Build.0 = Debug|Any CPU
		{308199F3-2C5C-462A-A20C-AB6A05D619B3}.Release|Any CPU.ActiveCfg = Release|Any CPU
		{308199F3-2C5C-462A-A20C-AB6A05D619B3}.Release|Any CPU.Build.0 = Release|Any CPU
	EndGlobalSection
	GlobalSection(SolutionProperties) = preSolution
		HideSolutionNode = FALSE
	EndGlobalSection
	GlobalSection(ExtensibilityGlobals) = postSolution
		SolutionGuid = {9D06299A-F01B-4330-AB3F-7DBF89A0AE27}
	EndGlobalSection
EndGlobal
